
Microsoft Visual Studio Solution File, Format Version 12.00
# Visual Studio Version 16
VisualStudioVersion = 16.0.34031.81
MinimumVisualStudioVersion = 10.0.40219.1
Project("{FAE04EC0-301F-11D3-BF4B-00C04F79EFBC}") = "DSLK_BT23_OOP", "DSLK_BT23_OOP\DSLK_BT23_OOP.csproj", "{D6EE0AB4-AC0B-49F5-84D1-2562C25155F7}"
EndProject
Global
	GlobalSection(SolutionConfigurationPlatforms) = preSolution
		Debug|Any CPU = Debug|Any CPU
		Release|Any CPU = Release|Any CPU
	EndGlobalSection
	GlobalSection(ProjectConfigurationPlatforms) = postSolution
		{D6EE0AB4-AC0B-49F5-84D1-2562C25155F7}.Debug|Any CPU.ActiveCfg = Debug|Any CPU
		{D6EE0AB4-AC0B-49F5-84D1-2562C25155F7}.Debug|Any CPU.Build.0 = Debug|Any CPU
		{D6EE0AB4-AC0B-49F5-84D1-2562C25155F7}.Release|Any CPU.ActiveCfg = Release|Any CPU
		{D6EE0AB4-AC0B-49F5-84D1-2562C25155F7}.Release|Any CPU.Build.0 = Release|Any CPU
	EndGlobalSection
	GlobalSection(SolutionProperties) = preSolution
		HideSolutionNode = FALSE
	EndGlobalSection
	GlobalSection(ExtensibilityGlobals) = postSolution
		SolutionGuid = {4DD8AD9B-F1C0-40F7-9EE9-613BD93EC065}
	EndGlobalSection
EndGlobal
